
Microsoft Visual Studio Solution File, Format Version 12.00
# Visual Studio Version 17
VisualStudioVersion = 17.7.34202.233
MinimumVisualStudioVersion = 10.0.40219.1
Project("{9A19103F-16F7-4668-BE54-9A1E7A4F7556}") = "warehouse_app", "warehouse_app.csproj", "{7A0D08D0-3447-44F9-AEEF-D81B7A4DDFE7}"
EndProject
Project("{9A19103F-16F7-4668-BE54-9A1E7A4F7556}") = "warehouse_lib", "..\warehouse_lib\warehouse_lib.csproj", "{E0B348A2-E0F1-4B66-AFA0-BA4D960C765D}"
EndProject
Global
	GlobalSection(SolutionConfigurationPlatforms) = preSolution
		Debug|Any CPU = Debug|Any CPU
		Release|Any CPU = Release|Any CPU
	EndGlobalSection
	GlobalSection(ProjectConfigurationPlatforms) = postSolution
		{7A0D08D0-3447-44F9-AEEF-D81B7A4DDFE7}.Debug|Any CPU.ActiveCfg = Debug|Any CPU
		{7A0D08D0-3447-44F9-AEEF-D81B7A4DDFE7}.Debug|Any CPU.Build.0 = Debug|Any CPU
		{7A0D08D0-3447-44F9-AEEF-D81B7A4DDFE7}.Release|Any CPU.ActiveCfg = Release|Any CPU
		{7A0D08D0-3447-44F9-AEEF-D81B7A4DDFE7}.Release|Any CPU.Build.0 = Release|Any CPU
		{E0B348A2-E0F1-4B66-AFA0-BA4D960C765D}.Debug|Any CPU.ActiveCfg = Debug|Any CPU
		{E0B348A2-E0F1-4B66-AFA0-BA4D960C765D}.Debug|Any CPU.Build.0 = Debug|Any CPU
		{E0B348A2-E0F1-4B66-AFA0-BA4D960C765D}.Release|Any CPU.ActiveCfg = Release|Any CPU
		{E0B348A2-E0F1-4B66-AFA0-BA4D960C765D}.Release|Any CPU.Build.0 = Release|Any CPU
	EndGlobalSection
	GlobalSection(SolutionProperties) = preSolution
		HideSolutionNode = FALSE
	EndGlobalSection
	GlobalSection(ExtensibilityGlobals) = postSolution
		SolutionGuid = {FB4F4350-FCDB-406D-A094-70B4C5231A07}
	EndGlobalSection
EndGlobal
